
Microsoft Visual Studio Solution File, Format Version 11.00
# Visual Studio 2010
Project("{FAE04EC0-301F-11D3-BF4B-00C04F79EFBC}") = "monop-mono", "monop-mono\monop-mono.csproj", "{96A0BA71-0EC7-4D66-94C1-0AD24722669D}"
EndProject
Project("{FAE04EC0-301F-11D3-BF4B-00C04F79EFBC}") = "Monop.GameLogic", "Monop.GameLogic\Monop.GameLogic.csproj", "{4970583B-315A-4698-9B7D-3C6AFB061354}"
EndProject
Global
	GlobalSection(SolutionConfigurationPlatforms) = preSolution
		Debug|x86 = Debug|x86
		Release|x86 = Release|x86
	EndGlobalSection
	GlobalSection(ProjectConfigurationPlatforms) = postSolution
		{4970583B-315A-4698-9B7D-3C6AFB061354}.Debug|x86.ActiveCfg = Debug|Any CPU
		{4970583B-315A-4698-9B7D-3C6AFB061354}.Debug|x86.Build.0 = Debug|Any CPU
		{4970583B-315A-4698-9B7D-3C6AFB061354}.Release|x86.ActiveCfg = Release|Any CPU
		{4970583B-315A-4698-9B7D-3C6AFB061354}.Release|x86.Build.0 = Release|Any CPU
		{96A0BA71-0EC7-4D66-94C1-0AD24722669D}.Debug|x86.ActiveCfg = Debug|x86
		{96A0BA71-0EC7-4D66-94C1-0AD24722669D}.Debug|x86.Build.0 = Debug|x86
		{96A0BA71-0EC7-4D66-94C1-0AD24722669D}.Release|x86.ActiveCfg = Release|x86
		{96A0BA71-0EC7-4D66-94C1-0AD24722669D}.Release|x86.Build.0 = Release|x86
	EndGlobalSection
	GlobalSection(MonoDevelopProperties) = preSolution
		StartupItem = monop-mono\monop-mono.csproj
	EndGlobalSection
EndGlobal
